
Microsoft Visual Studio Solution File, Format Version 12.00
# Visual Studio Version 17
VisualStudioVersion = 17.9.34728.123
MinimumVisualStudioVersion = 10.0.40219.1
Project("{FAE04EC0-301F-11D3-BF4B-00C04F79EFBC}") = "SimpleBookCatalog.Domain", "SimpleBookCatalog.Domain\SimpleBookCatalog.Domain.csproj", "{C55A7378-5758-4B6A-84D3-A69731A3686B}"
EndProject
Project("{FAE04EC0-301F-11D3-BF4B-00C04F79EFBC}") = "SimpleBookCatalog.Application", "SimpleBookCatalog.Application\SimpleBookCatalog.Application.csproj", "{FEBE93DB-8476-4E92-A57F-5B3F03B3E799}"
EndProject
Project("{FAE04EC0-301F-11D3-BF4B-00C04F79EFBC}") = "SimpleBookCatalog.Infrastructure", "SimpleBookCatalog.Infrastructure\SimpleBookCatalog.Infrastructure.csproj", "{942F0720-9D74-42FD-887F-B57E4A659E95}"
EndProject
Project("{FAE04EC0-301F-11D3-BF4B-00C04F79EFBC}") = "SimpleBookCatalog", "SimpleBookCatalog\SimpleBookCatalog.csproj", "{682DD236-C497-40F6-BF63-6A9A5DBEA45F}"
EndProject
Global
	GlobalSection(SolutionConfigurationPlatforms) = preSolution
		Debug|Any CPU = Debug|Any CPU
		Release|Any CPU = Release|Any CPU
	EndGlobalSection
	GlobalSection(ProjectConfigurationPlatforms) = postSolution
		{C55A7378-5758-4B6A-84D3-A69731A3686B}.Debug|Any CPU.ActiveCfg = Debug|Any CPU
		{C55A7378-5758-4B6A-84D3-A69731A3686B}.Debug|Any CPU.Build.0 = Debug|Any CPU
		{C55A7378-5758-4B6A-84D3-A69731A3686B}.Release|Any CPU.ActiveCfg = Release|Any CPU
		{C55A7378-5758-4B6A-84D3-A69731A3686B}.Release|Any CPU.Build.0 = Release|Any CPU
		{FEBE93DB-8476-4E92-A57F-5B3F03B3E799}.Debug|Any CPU.ActiveCfg = Debug|Any CPU
		{FEBE93DB-8476-4E92-A57F-5B3F03B3E799}.Debug|Any CPU.Build.0 = Debug|Any CPU
		{FEBE93DB-8476-4E92-A57F-5B3F03B3E799}.Release|Any CPU.ActiveCfg = Release|Any CPU
		{FEBE93DB-8476-4E92-A57F-5B3F03B3E799}.Release|Any CPU.Build.0 = Release|Any CPU
		{942F0720-9D74-42FD-887F-B57E4A659E95}.Debug|Any CPU.ActiveCfg = Debug|Any CPU
		{942F0720-9D74-42FD-887F-B57E4A659E95}.Debug|Any CPU.Build.0 = Debug|Any CPU
		{942F0720-9D74-42FD-887F-B57E4A659E95}.Release|Any CPU.ActiveCfg = Release|Any CPU
		{942F0720-9D74-42FD-887F-B57E4A659E95}.Release|Any CPU.Build.0 = Release|Any CPU
		{682DD236-C497-40F6-BF63-6A9A5DBEA45F}.Debug|Any CPU.ActiveCfg = Debug|Any CPU
		{682DD236-C497-40F6-BF63-6A9A5DBEA45F}.Debug|Any CPU.Build.0 = Debug|Any CPU
		{682DD236-C497-40F6-BF63-6A9A5DBEA45F}.Release|Any CPU.ActiveCfg = Release|Any CPU
		{682DD236-C497-40F6-BF63-6A9A5DBEA45F}.Release|Any CPU.Build.0 = Release|Any CPU
	EndGlobalSection
	GlobalSection(SolutionProperties) = preSolution
		HideSolutionNode = FALSE
	EndGlobalSection
	GlobalSection(ExtensibilityGlobals) = postSolution
		SolutionGuid = {DDA015DC-8833-4C2A-80C4-D384B3D5293F}
	EndGlobalSection
EndGlobal
